// !$*UTF8*$!
{
	archiveVersion = 1;
	classes = {
	};
	objectVersion = 50;
	objects = {

/* Begin PBXBuildFile section */
		363B806E235467E6004DF7FC /* AppDelegate.swift in Sources */ = {isa = PBXBuildFile; fileRef = 363B806D235467E6004DF7FC /* AppDelegate.swift */; };
		363B8070235467E6004DF7FC /* ViewController.swift in Sources */ = {isa = PBXBuildFile; fileRef = 363B806F235467E6004DF7FC /* ViewController.swift */; };
		363B8073235467E6004DF7FC /* Main.storyboard in Resources */ = {isa = PBXBuildFile; fileRef = 363B8071235467E6004DF7FC /* Main.storyboard */; };
		363B8075235467E8004DF7FC /* Assets.xcassets in Resources */ = {isa = PBXBuildFile; fileRef = 363B8074235467E8004DF7FC /* Assets.xcassets */; };
		363B8078235467E8004DF7FC /* LaunchScreen.storyboard in Resources */ = {isa = PBXBuildFile; fileRef = 363B8076235467E8004DF7FC /* LaunchScreen.storyboard */; };
		363B808023546B1F004DF7FC /* Video.swift in Sources */ = {isa = PBXBuildFile; fileRef = 363B807F23546B1F004DF7FC /* Video.swift */; };
		363B808223546B2E004DF7FC /* VideoModel.swift in Sources */ = {isa = PBXBuildFile; fileRef = 363B808123546B2E004DF7FC /* VideoModel.swift */; };
		363B8084235491E6004DF7FC /* VideoDetailViewController.swift in Sources */ = {isa = PBXBuildFile; fileRef = 363B8083235491E6004DF7FC /* VideoDetailViewController.swift */; };
/* End PBXBuildFile section */

/* Begin PBXFileReference section */
		363B806A235467E6004DF7FC /* YouTubeVideoApp.app */ = {isa = PBXFileReference; explicitFileType = wrapper.application; includeInIndex = 0; path = YouTubeVideoApp.app; sourceTree = BUILT_PRODUCTS_DIR; };
		363B806D235467E6004DF7FC /* AppDelegate.swift */ = {isa = PBXFileReference; lastKnownFileType = sourcecode.swift; path = AppDelegate.swift; sourceTree = "<group>"; };
		363B806F235467E6004DF7FC /* ViewController.swift */ = {isa = PBXFileReference; lastKnownFileType = sourcecode.swift; path = ViewController.swift; sourceTree = "<group>"; };
		363B8072235467E6004DF7FC /* Base */ = {isa = PBXFileReference; lastKnownFileType = file.storyboard; name = Base; path = Base.lproj/Main.storyboard; sourceTree = "<group>"; };
		363B8074235467E8004DF7FC /* Assets.xcassets */ = {isa = PBXFileReference; lastKnownFileType = folder.assetcatalog; path = Assets.xcassets; sourceTree = "<group>"; };
		363B8077235467E8004DF7FC /* Base */ = {isa = PBXFileReference; lastKnownFileType = file.storyboard; name = Base; path = Base.lproj/LaunchScreen.storyboard; sourceTree = "<group>"; };
		363B8079235467E8004DF7FC /* Info.plist */ = {isa = PBXFileReference; lastKnownFileType = text.plist.xml; path = Info.plist; sourceTree = "<group>"; };
		363B807F23546B1F004DF7FC /* Video.swift */ = {isa = PBXFileReference; lastKnownFileType = sourcecode.swift; path = Video.swift; sourceTree = "<group>"; };
		363B808123546B2E004DF7FC /* VideoModel.swift */ = {isa = PBXFileReference; lastKnownFileType = sourcecode.swift; path = VideoModel.swift; sourceTree = "<group>"; };
		363B8083235491E6004DF7FC /* VideoDetailViewController.swift */ = {isa = PBXFileReference; lastKnownFileType = sourcecode.swift; path = VideoDetailViewController.swift; sourceTree = "<group>"; };
/* End PBXFileReference section */

/* Begin PBXFrameworksBuildPhase section */
		363B8067235467E6004DF7FC /* Frameworks */ = {
			isa = PBXFrameworksBuildPhase;
			buildActionMask = 2147483647;
			files = (
			);
			runOnlyForDeploymentPostprocessing = 0;
		};
/* End PBXFrameworksBuildPhase section */

/* Begin PBXGroup section */
		363B8061235467E6004DF7FC = {
			isa = PBXGroup;
			children = (
				363B806C235467E6004DF7FC /* YouTubeVideoApp */,
				363B806B235467E6004DF7FC /* Products */,
			);
			sourceTree = "<group>";
		};
		363B806B235467E6004DF7FC /* Products */ = {
			isa = PBXGroup;
			children = (
				363B806A235467E6004DF7FC /* YouTubeVideoApp.app */,
			);
			name = Products;
			sourceTree = "<group>";
		};
		363B806C235467E6004DF7FC /* YouTubeVideoApp */ = {
			isa = PBXGroup;
			children = (
				363B806D235467E6004DF7FC /* AppDelegate.swift */,
				363B806F235467E6004DF7FC /* ViewController.swift */,
				363B8071235467E6004DF7FC /* Main.storyboard */,
				363B8074235467E8004DF7FC /* Assets.xcassets */,
				363B8076235467E8004DF7FC /* LaunchScreen.storyboard */,
				363B8079235467E8004DF7FC /* Info.plist */,
				363B807F23546B1F004DF7FC /* Video.swift */,
				363B808123546B2E004DF7FC /* VideoModel.swift */,
				363B8083235491E6004DF7FC /* VideoDetailViewController.swift */,
			);
			path = YouTubeVideoApp;
			sourceTree = "<group>";
		};
/* End PBXGroup section */

/* Begin PBXNativeTarget section */
		363B8069235467E6004DF7FC /* YouTubeVideoApp */ = {
			isa = PBXNativeTarget;
			buildConfigurationList = 363B807C235467E8004DF7FC /* Build configuration list for PBXNativeTarget "YouTubeVideoApp" */;
			buildPhases = (
				363B8066235467E6004DF7FC /* Sources */,
				363B8067235467E6004DF7FC /* Frameworks */,
				363B8068235467E6004DF7FC /* Resources */,
			);
			buildRules = (
			);
			dependencies = (
			);
			name = YouTubeVideoApp;
			productName = YouTubeVideoApp;
			productReference = 363B806A235467E6004DF7FC /* YouTubeVideoApp.app */;
			productType = "com.apple.product-type.application";
		};
/* End PBXNativeTarget section */

/* Begin PBXProject section */
		363B8062235467E6004DF7FC /* Project object */ = {
			isa = PBXProject;
			attributes = {
				LastSwiftUpdateCheck = 1000;
				LastUpgradeCheck = 1000;
				ORGANIZATIONNAME = "Dheeraj Arora";
				TargetAttributes = {
					363B8069235467E6004DF7FC = {
						CreatedOnToolsVersion = 10.0;
					};
				};
			};
			buildConfigurationList = 363B8065235467E6004DF7FC /* Build configuration list for PBXProject "YouTubeVideoApp" */;
			compatibilityVersion = "Xcode 9.3";
			developmentRegion = en;
			hasScannedForEncodings = 0;
			knownRegions = (
				en,
				Base,
			);
			mainGroup = 363B8061235467E6004DF7FC;
			productRefGroup = 363B806B235467E6004DF7FC /* Products */;
			projectDirPath = "";
			projectRoot = "";
			targets = (
				363B8069235467E6004DF7FC /* YouTubeVideoApp */,
			);
		};
/* End PBXProject section */

/* Begin PBXResourcesBuildPhase section */
		363B8068235467E6004DF7FC /* Resources */ = {
			isa = PBXResourcesBuildPhase;
			buildActionMask = 2147483647;
			files = (
				363B8078235467E8004DF7FC /* LaunchScreen.storyboard in Resources */,
				363B8075235467E8004DF7FC /* Assets.xcassets in Resources */,
				363B8073235467E6004DF7FC /* Main.storyboard in Resources */,
			);
			runOnlyForDeploymentPostprocessing = 0;
		};
/* End PBXResourcesBuildPhase section */

/* Begin PBXSourcesBuildPhase section */
		363B8066235467E6004DF7FC /* Sources */ = {
			isa = PBXSourcesBuildPhase;
			buildActionMask = 2147483647;
			files = (
				363B8070235467E6004DF7FC /* ViewController.swift in Sources */,
				363B808023546B1F004DF7FC /* Video.swift in Sources */,
				363B806E235467E6004DF7FC /* AppDelegate.swift in Sources */,
				363B8084235491E6004DF7FC /* VideoDetailViewController.swift in Sources */,
				363B808223546B2E004DF7FC /* VideoModel.swift in Sources */,
			);
			runOnlyForDeploymentPostprocessing = 0;
		};
/* End PBXSourcesBuildPhase section */

/* Begin PBXVariantGroup section */
		363B8071235467E6004DF7FC /* Main.storyboard */ = {
			isa = PBXVariantGroup;
			children = (
				363B8072235467E6004DF7FC /* Base */,
			);
			name = Main.storyboard;
			sourceTree = "<group>";
		};
		363B8076235467E8004DF7FC /* LaunchScreen.storyboard */ = {
			isa = PBXVariantGroup;
			children = (
				363B8077235467E8004DF7FC /* Base */,
			);
			name = LaunchScreen.storyboard;
			sourceTree = "<group>";
		};
/* End PBXVariantGroup section */

/* Begin XCBuildConfiguration section */
		363B807A235467E8004DF7FC /* Debug */ = {
			isa = XCBuildConfiguration;
			buildSettings = {
				ALWAYS_SEARCH_USER_PATHS = NO;
				CLANG_ANALYZER_NONNULL = YES;
				CLANG_ANALYZER_NUMBER_OBJECT_CONVERSION = YES_AGGRESSIVE;
				CLANG_CXX_LANGUAGE_STANDARD = "gnu++14";
				CLANG_CXX_LIBRARY = "libc++";
				CLANG_ENABLE_MODULES = YES;
				CLANG_ENABLE_OBJC_ARC = YES;
				CLANG_ENABLE_OBJC_WEAK = YES;
				CLANG_WARN_BLOCK_CAPTURE_AUTORELEASING = YES;
				CLANG_WARN_BOOL_CONVERSION = YES;
				CLANG_WARN_COMMA = YES;
				CLANG_WARN_CONSTANT_CONVERSION = YES;
				CLANG_WARN_DEPRECATED_OBJC_IMPLEMENTATIONS = YES;
				CLANG_WARN_DIRECT_OBJC_ISA_USAGE = YES_ERROR;
				CLANG_WARN_DOCUMENTATION_COMMENTS = YES;
				CLANG_WARN_EMPTY_BODY = YES;
				CLANG_WARN_ENUM_CONVERSION = YES;
				CLANG_WARN_INFINITE_RECURSION = YES;
				CLANG_WARN_INT_CONVERSION = YES;
				CLANG_WARN_NON_LITERAL_NULL_CONVERSION = YES;
				CLANG_WARN_OBJC_IMPLICIT_RETAIN_SELF = YES;
				CLANG_WARN_OBJC_LITERAL_CONVERSION = YES;
				CLANG_WARN_OBJC_ROOT_CLASS = YES_ERROR;
				CLANG_WARN_RANGE_LOOP_ANALYSIS = YES;
				CLANG_WARN_STRICT_PROTOTYPES = YES;
				CLANG_WARN_SUSPICIOUS_MOVE = YES;
				CLANG_WARN_UNGUARDED_AVAILABILITY = YES_AGGRESSIVE;
				CLANG_WARN_UNREACHABLE_CODE = YES;
				CLANG_WARN__DUPLICATE_METHOD_MATCH = YES;
				CODE_SIGN_IDENTITY = "iPhone Developer";
				COPY_PHASE_STRIP = NO;
				DEBUG_INFORMATION_FORMAT = dwarf;
				ENABLE_STRICT_OBJC_MSGSEND = YES;
				ENABLE_TESTABILITY = YES;
				GCC_C_LANGUAGE_STANDARD = gnu11;
				GCC_DYNAMIC_NO_PIC = NO;
				GCC_NO_COMMON_BLOCKS = YES;
				GCC_OPTIMIZATION_LEVEL = 0;
				GCC_PREPROCESSOR_DEFINITIONS = (
					"DEBUG=1",
					"$(inherited)",
				);
				GCC_WARN_64_TO_32_BIT_CONVERSION = YES;
				GCC_WARN_ABOUT_RETURN_TYPE = YES_ERROR;
				GCC_WARN_UNDECLARED_SELECTOR = YES;
				GCC_WARN_UNINITIALIZED_AUTOS = YES_AGGRESSIVE;
				GCC_WARN_UNUSED_FUNCTION = YES;
				GCC_WARN_UNUSED_VARIABLE = YES;
				IPHONEOS_DEPLOYMENT_TARGET = 12.0;
				MTL_ENABLE_DEBUG_INFO = INCLUDE_SOURCE;
				MTL_FAST_MATH = YES;
				ONLY_ACTIVE_ARCH = YES;
				SDKROOT = iphoneos;
				SWIFT_ACTIVE_COMPILATION_CONDITIONS = DEBUG;
				SWIFT_OPTIMIZATION_LEVEL = "-Onone";
			};
			name = Debug;
		};
		363B807B235467E8004DF7FC /* Release */ = {
			isa = XCBuildConfiguration;
			buildSettings = {
				ALWAYS_SEARCH_USER_PATHS = NO;
				CLANG_ANALYZER_NONNULL = YES;
				CLANG_ANALYZER_NUMBER_OBJECT_CONVERSION = YES_AGGRESSIVE;
				CLANG_CXX_LANGUAGE_STANDARD = "gnu++14";
				CLANG_CXX_LIBRARY = "libc++";
				CLANG_ENABLE_MODULES = YES;
				CLANG_ENABLE_OBJC_ARC = YES;
				CLANG_ENABLE_OBJC_WEAK = YES;
				CLANG_WARN_BLOCK_CAPTURE_AUTORELEASING = YES;
				CLANG_WARN_BOOL_CONVERSION = YES;
				CLANG_WARN_COMMA = YES;
				CLANG_WARN_CONSTANT_CONVERSION = YES;
				CLANG_WARN_DEPRECATED_OBJC_IMPLEMENTATIONS = YES;
				CLANG_WARN_DIRECT_OBJC_ISA_USAGE = YES_ERROR;
				CLANG_WARN_DOCUMENTATION_COMMENTS = YES;
				CLANG_WARN_EMPTY_BODY = YES;
				CLANG_WARN_ENUM_CONVERSION = YES;
				CLANG_WARN_INFINITE_RECURSION = YES;
				CLANG_WARN_INT_CONVERSION = YES;
				CLANG_WARN_NON_LITERAL_NULL_CONVERSION = YES;
				CLANG_WARN_OBJC_IMPLICIT_RETAIN_SELF = YES;
				CLANG_WARN_OBJC_LITERAL_CONVERSION = YES;
				CLANG_WARN_OBJC_ROOT_CLASS = YES_ERROR;
				CLANG_WARN_RANGE_LOOP_ANALYSIS = YES;
				CLANG_WARN_STRICT_PROTOTYPES = YES;
				CLANG_WARN_SUSPICIOUS_MOVE = YES;
				CLANG_WARN_UNGUARDED_AVAILABILITY = YES_AGGRESSIVE;
				CLANG_WARN_UNREACHABLE_CODE = YES;
				CLANG_WARN__DUPLICATE_METHOD_MATCH = YES;
				CODE_SIGN_IDENTITY = "iPhone Developer";
				COPY_PHASE_STRIP = NO;
				DEBUG_INFORMATION_FORMAT = "dwarf-with-dsym";
				ENABLE_NS_ASSERTIONS = NO;
				ENABLE_STRICT_OBJC_MSGSEND = YES;
				GCC_C_LANGUAGE_STANDARD = gnu11;
				GCC_NO_COMMON_BLOCKS = YES;
				GCC_WARN_64_TO_32_BIT_CONVERSION = YES;
				GCC_WARN_ABOUT_RETURN_TYPE = YES_ERROR;
				GCC_WARN_UNDECLARED_SELECTOR = YES;
				GCC_WARN_UNINITIALIZED_AUTOS = YES_AGGRESSIVE;
				GCC_WARN_UNUSED_FUNCTION = YES;
				GCC_WARN_UNUSED_VARIABLE = YES;
				IPHONEOS_DEPLOYMENT_TARGET = 12.0;
				MTL_ENABLE_DEBUG_INFO = NO;
				MTL_FAST_MATH = YES;
				SDKROOT = iphoneos;
				SWIFT_COMPILATION_MODE = wholemodule;
				SWIFT_OPTIMIZATION_LEVEL = "-O";
				VALIDATE_PRODUCT = YES;
			};
			name = Release;
		};
		363B807D235467E8004DF7FC /* Debug */ = {
			isa = XCBuildConfiguration;
			buildSettings = {
				ASSETCATALOG_COMPILER_APPICON_NAME = AppIcon;
				CODE_SIGN_STYLE = Automatic;
				DEVELOPMENT_TEAM = 3KAF34TYV9;
				INFOPLIST_FILE = YouTubeVideoApp/Info.plist;
				IPHONEOS_DEPLOYMENT_TARGET = 11.0;
				LD_RUNPATH_SEARCH_PATHS = (
					"$(inherited)",
					"@executable_path/Frameworks",
				);
				PRODUCT_BUNDLE_IDENTIFIER = com.monet.YouTubeVideoApp;
				PRODUCT_NAME = "$(TARGET_NAME)";
				SWIFT_VERSION = 4.2;
				TARGETED_DEVICE_FAMILY = "1,2";
			};
			name = Debug;
		};
		363B807E235467E8004DF7FC /* Release */ = {
			isa = XCBuildConfiguration;
			buildSettings = {
				ASSETCATALOG_COMPILER_APPICON_NAME = AppIcon;
				CODE_SIGN_STYLE = Automatic;
				DEVELOPMENT_TEAM = 3KAF34TYV9;
				INFOPLIST_FILE = YouTubeVideoApp/Info.plist;
				IPHONEOS_DEPLOYMENT_TARGET = 11.0;
				LD_RUNPATH_SEARCH_PATHS = (
					"$(inherited)",
					"@executable_path/Frameworks",
				);
				PRODUCT_BUNDLE_IDENTIFIER = com.monet.YouTubeVideoApp;
				PRODUCT_NAME = "$(TARGET_NAME)";
				SWIFT_VERSION = 4.2;
				TARGETED_DEVICE_FAMILY = "1,2";
			};
			name = Release;
		};
/* End XCBuildConfiguration section */

/* Begin XCConfigurationList section */
		363B8065235467E6004DF7FC /* Build configuration list for PBXProject "YouTubeVideoApp" */ = {
			isa = XCConfigurationList;
			buildConfigurations = (
				363B807A235467E8004DF7FC /* Debug */,
				363B807B235467E8004DF7FC /* Release */,
			);
			defaultConfigurationIsVisible = 0;
			defaultConfigurationName = Release;
		};
		363B807C235467E8004DF7FC /* Build configuration list for PBXNativeTarget "YouTubeVideoApp" */ = {
			isa = XCConfigurationList;
			buildConfigurations = (
				363B807D235467E8004DF7FC /* Debug */,
				363B807E235467E8004DF7FC /* Release */,
			);
			defaultConfigurationIsVisible = 0;
			defaultConfigurationName = Release;
		};
/* End XCConfigurationList section */
	};
	rootObject = 363B8062235467E6004DF7FC /* Project object */;
}
